
Microsoft Visual Studio Solution File, Format Version 12.00
# Visual Studio Version 17
VisualStudioVersion = 17.0.31903.59
MinimumVisualStudioVersion = 10.0.40219.1
Project("{FAE04EC0-301F-11D3-BF4B-00C04F79EFBC}") = "Flyweight", "Flyweight\Flyweight.csproj", "{6DAF1E97-3302-43AB-8796-4CBEFF661E0D}"
EndProject
Project("{FAE04EC0-301F-11D3-BF4B-00C04F79EFBC}") = "Composite", "Composite\Composite.csproj", "{DD61049A-DF16-488F-BB1A-AC92DE55852C}"
EndProject
Project("{FAE04EC0-301F-11D3-BF4B-00C04F79EFBC}") = "Bridge", "Bridge\Bridge.csproj", "{75A3EB86-28C4-4ECC-8D4B-947D3CDD75FF}"
EndProject
Project("{FAE04EC0-301F-11D3-BF4B-00C04F79EFBC}") = "Proxy", "Proxy\Proxy.csproj", "{008B2A12-D505-40B1-A844-5382F1B829D9}"
EndProject
Project("{FAE04EC0-301F-11D3-BF4B-00C04F79EFBC}") = "Decorator", "Decorator\Decorator.csproj", "{18B308F3-81EF-4E36-A550-8F757BA89BC7}"
EndProject
Project("{FAE04EC0-301F-11D3-BF4B-00C04F79EFBC}") = "Facade", "Facade\Facade.csproj", "{E24D2959-C8E1-4AA1-B7F6-4AA25C07026D}"
EndProject
Project("{FAE04EC0-301F-11D3-BF4B-00C04F79EFBC}") = "Adapter", "Adapter\Adapter.csproj", "{0D4AF568-E3CD-4E13-93F7-A7BED5DEE910}"
EndProject
Global
	GlobalSection(SolutionConfigurationPlatforms) = preSolution
		Debug|Any CPU = Debug|Any CPU
		Release|Any CPU = Release|Any CPU
	EndGlobalSection
	GlobalSection(SolutionProperties) = preSolution
		HideSolutionNode = FALSE
	EndGlobalSection
	GlobalSection(ProjectConfigurationPlatforms) = postSolution
		{6DAF1E97-3302-43AB-8796-4CBEFF661E0D}.Debug|Any CPU.ActiveCfg = Debug|Any CPU
		{6DAF1E97-3302-43AB-8796-4CBEFF661E0D}.Debug|Any CPU.Build.0 = Debug|Any CPU
		{6DAF1E97-3302-43AB-8796-4CBEFF661E0D}.Release|Any CPU.ActiveCfg = Release|Any CPU
		{6DAF1E97-3302-43AB-8796-4CBEFF661E0D}.Release|Any CPU.Build.0 = Release|Any CPU
		{DD61049A-DF16-488F-BB1A-AC92DE55852C}.Debug|Any CPU.ActiveCfg = Debug|Any CPU
		{DD61049A-DF16-488F-BB1A-AC92DE55852C}.Debug|Any CPU.Build.0 = Debug|Any CPU
		{DD61049A-DF16-488F-BB1A-AC92DE55852C}.Release|Any CPU.ActiveCfg = Release|Any CPU
		{DD61049A-DF16-488F-BB1A-AC92DE55852C}.Release|Any CPU.Build.0 = Release|Any CPU
		{75A3EB86-28C4-4ECC-8D4B-947D3CDD75FF}.Debug|Any CPU.ActiveCfg = Debug|Any CPU
		{75A3EB86-28C4-4ECC-8D4B-947D3CDD75FF}.Debug|Any CPU.Build.0 = Debug|Any CPU
		{75A3EB86-28C4-4ECC-8D4B-947D3CDD75FF}.Release|Any CPU.ActiveCfg = Release|Any CPU
		{75A3EB86-28C4-4ECC-8D4B-947D3CDD75FF}.Release|Any CPU.Build.0 = Release|Any CPU
		{008B2A12-D505-40B1-A844-5382F1B829D9}.Debug|Any CPU.ActiveCfg = Debug|Any CPU
		{008B2A12-D505-40B1-A844-5382F1B829D9}.Debug|Any CPU.Build.0 = Debug|Any CPU
		{008B2A12-D505-40B1-A844-5382F1B829D9}.Release|Any CPU.ActiveCfg = Release|Any CPU
		{008B2A12-D505-40B1-A844-5382F1B829D9}.Release|Any CPU.Build.0 = Release|Any CPU
		{18B308F3-81EF-4E36-A550-8F757BA89BC7}.Debug|Any CPU.ActiveCfg = Debug|Any CPU
		{18B308F3-81EF-4E36-A550-8F757BA89BC7}.Debug|Any CPU.Build.0 = Debug|Any CPU
		{18B308F3-81EF-4E36-A550-8F757BA89BC7}.Release|Any CPU.ActiveCfg = Release|Any CPU
		{18B308F3-81EF-4E36-A550-8F757BA89BC7}.Release|Any CPU.Build.0 = Release|Any CPU
		{E24D2959-C8E1-4AA1-B7F6-4AA25C07026D}.Debug|Any CPU.ActiveCfg = Debug|Any CPU
		{E24D2959-C8E1-4AA1-B7F6-4AA25C07026D}.Debug|Any CPU.Build.0 = Debug|Any CPU
		{E24D2959-C8E1-4AA1-B7F6-4AA25C07026D}.Release|Any CPU.ActiveCfg = Release|Any CPU
		{E24D2959-C8E1-4AA1-B7F6-4AA25C07026D}.Release|Any CPU.Build.0 = Release|Any CPU
		{0D4AF568-E3CD-4E13-93F7-A7BED5DEE910}.Debug|Any CPU.ActiveCfg = Debug|Any CPU
		{0D4AF568-E3CD-4E13-93F7-A7BED5DEE910}.Debug|Any CPU.Build.0 = Debug|Any CPU
		{0D4AF568-E3CD-4E13-93F7-A7BED5DEE910}.Release|Any CPU.ActiveCfg = Release|Any CPU
		{0D4AF568-E3CD-4E13-93F7-A7BED5DEE910}.Release|Any CPU.Build.0 = Release|Any CPU
	EndGlobalSection
EndGlobal
